
Microsoft Visual Studio Solution File, Format Version 12.00
# Visual Studio 15
VisualStudioVersion = 15.0.28307.106
MinimumVisualStudioVersion = 10.0.40219.1
Project("{FAE04EC0-301F-11D3-BF4B-00C04F79EFBC}") = "Iteration", "Iteration\Iteration.csproj", "{27DD43A3-9F19-46DC-8409-7E2EA2985D72}"
EndProject
Global
	GlobalSection(SolutionConfigurationPlatforms) = preSolution
		Debug|Any CPU = Debug|Any CPU
		Release|Any CPU = Release|Any CPU
	EndGlobalSection
	GlobalSection(ProjectConfigurationPlatforms) = postSolution
		{27DD43A3-9F19-46DC-8409-7E2EA2985D72}.Debug|Any CPU.ActiveCfg = Debug|Any CPU
		{27DD43A3-9F19-46DC-8409-7E2EA2985D72}.Debug|Any CPU.Build.0 = Debug|Any CPU
		{27DD43A3-9F19-46DC-8409-7E2EA2985D72}.Release|Any CPU.ActiveCfg = Release|Any CPU
		{27DD43A3-9F19-46DC-8409-7E2EA2985D72}.Release|Any CPU.Build.0 = Release|Any CPU
	EndGlobalSection
	GlobalSection(SolutionProperties) = preSolution
		HideSolutionNode = FALSE
	EndGlobalSection
	GlobalSection(ExtensibilityGlobals) = postSolution
		SolutionGuid = {5C8A662F-EC51-4464-9E64-11C8AA7D46AA}
	EndGlobalSection
EndGlobal
